
Microsoft Visual Studio Solution File, Format Version 12.00
# Visual Studio Version 17
VisualStudioVersion = 17.0.31903.59
MinimumVisualStudioVersion = 10.0.40219.1
Project("{2150E333-8FDC-42A3-9474-1A3956D46DE8}") = "src", "src", "{85FDAF0F-04AE-4B5A-B2AE-A1DA91DF3E57}"
EndProject
Project("{2150E333-8FDC-42A3-9474-1A3956D46DE8}") = "dev", "dev", "{272D627E-AAE1-4620-B75A-2CCAD60BE39B}"
EndProject
Project("{FAE04EC0-301F-11D3-BF4B-00C04F79EFBC}") = "GraphCommon", "src\dev\GraphCommon\GraphCommon.csproj", "{BC14BD79-65E5-4852-969B-45F09CF3C2D8}"
EndProject
Global
	GlobalSection(SolutionConfigurationPlatforms) = preSolution
		Debug|Any CPU = Debug|Any CPU
		Release|Any CPU = Release|Any CPU
	EndGlobalSection
	GlobalSection(SolutionProperties) = preSolution
		HideSolutionNode = FALSE
	EndGlobalSection
	GlobalSection(ProjectConfigurationPlatforms) = postSolution
		{BC14BD79-65E5-4852-969B-45F09CF3C2D8}.Debug|Any CPU.ActiveCfg = Debug|Any CPU
		{BC14BD79-65E5-4852-969B-45F09CF3C2D8}.Debug|Any CPU.Build.0 = Debug|Any CPU
		{BC14BD79-65E5-4852-969B-45F09CF3C2D8}.Release|Any CPU.ActiveCfg = Release|Any CPU
		{BC14BD79-65E5-4852-969B-45F09CF3C2D8}.Release|Any CPU.Build.0 = Release|Any CPU
	EndGlobalSection
	GlobalSection(NestedProjects) = preSolution
		{272D627E-AAE1-4620-B75A-2CCAD60BE39B} = {85FDAF0F-04AE-4B5A-B2AE-A1DA91DF3E57}
		{BC14BD79-65E5-4852-969B-45F09CF3C2D8} = {272D627E-AAE1-4620-B75A-2CCAD60BE39B}
	EndGlobalSection
EndGlobal
